
Microsoft Visual Studio Solution File, Format Version 12.00
# Visual Studio Version 17
VisualStudioVersion = 17.2.32630.192
MinimumVisualStudioVersion = 10.0.40219.1
Project("{FAE04EC0-301F-11D3-BF4B-00C04F79EFBC}") = "Atividade_VizualizadorImagem", "Atividade_VizualizadorImagem\Atividade_VizualizadorImagem.csproj", "{CAEF51C5-A21E-4357-BCDA-BE6D7400E544}"
EndProject
Global
	GlobalSection(SolutionConfigurationPlatforms) = preSolution
		Debug|Any CPU = Debug|Any CPU
		Release|Any CPU = Release|Any CPU
	EndGlobalSection
	GlobalSection(ProjectConfigurationPlatforms) = postSolution
		{CAEF51C5-A21E-4357-BCDA-BE6D7400E544}.Debug|Any CPU.ActiveCfg = Debug|Any CPU
		{CAEF51C5-A21E-4357-BCDA-BE6D7400E544}.Debug|Any CPU.Build.0 = Debug|Any CPU
		{CAEF51C5-A21E-4357-BCDA-BE6D7400E544}.Release|Any CPU.ActiveCfg = Release|Any CPU
		{CAEF51C5-A21E-4357-BCDA-BE6D7400E544}.Release|Any CPU.Build.0 = Release|Any CPU
	EndGlobalSection
	GlobalSection(SolutionProperties) = preSolution
		HideSolutionNode = FALSE
	EndGlobalSection
	GlobalSection(ExtensibilityGlobals) = postSolution
		SolutionGuid = {25045CA7-485C-4FB2-B362-1840F2D32123}
	EndGlobalSection
EndGlobal
